
Microsoft Visual Studio Solution File, Format Version 12.00
# Visual Studio Version 17
VisualStudioVersion = 17.13.35806.99 d17.13
MinimumVisualStudioVersion = 10.0.40219.1
Project("{FAE04EC0-301F-11D3-BF4B-00C04F79EFBC}") = "MealFinder", "MealFinder\MealFinder.csproj", "{200899F5-6AF1-4D00-A145-F3AD210B2F93}"
EndProject
Global
	GlobalSection(SolutionConfigurationPlatforms) = preSolution
		Debug|Any CPU = Debug|Any CPU
		Release|Any CPU = Release|Any CPU
	EndGlobalSection
	GlobalSection(ProjectConfigurationPlatforms) = postSolution
		{200899F5-6AF1-4D00-A145-F3AD210B2F93}.Debug|Any CPU.ActiveCfg = Debug|Any CPU
		{200899F5-6AF1-4D00-A145-F3AD210B2F93}.Debug|Any CPU.Build.0 = Debug|Any CPU
		{200899F5-6AF1-4D00-A145-F3AD210B2F93}.Release|Any CPU.ActiveCfg = Release|Any CPU
		{200899F5-6AF1-4D00-A145-F3AD210B2F93}.Release|Any CPU.Build.0 = Release|Any CPU
	EndGlobalSection
	GlobalSection(SolutionProperties) = preSolution
		HideSolutionNode = FALSE
	EndGlobalSection
	GlobalSection(ExtensibilityGlobals) = postSolution
		SolutionGuid = {DFF93018-A4AC-4262-9F56-6BE1ECADE896}
	EndGlobalSection
EndGlobal
